<Solution>
  <Configurations>
    <Platform Name="Any CPU" />
    <Platform Name="x64" />
    <Platform Name="x86" />
  </Configurations>
  <Folder Name="/Extensions/" />
  <Folder Name="/Tests/">
    <Project Path="test/OsuNet.Tests/OsuNet.Tests.csproj" />
  </Folder>
  <Project Path="src/OsuNet/OsuNet.csproj" />
</Solution>
