
Microsoft Visual Studio Solution File, Format Version 12.00
# Visual Studio Version 17
VisualStudioVersion = 17.0.31912.275
MinimumVisualStudioVersion = 10.0.40219.1
Project("{9A19103F-16F7-4668-BE54-9A1E7A4F7556}") = "OsuNet", "OsuNet\OsuNet.csproj", "{CEAF4F2D-AE44-4084-8C20-67980C4070CA}"
EndProject
Project("{FAE04EC0-301F-11D3-BF4B-00C04F79EFBC}") = "OsuNet.Tests", "OsuNet.Tests\OsuNet.Tests.csproj", "{CCECA733-524B-46AB-8CD9-D0F56B2B5D1B}"
EndProject
Global
	GlobalSection(SolutionConfigurationPlatforms) = preSolution
		Debug|Any CPU = Debug|Any CPU
		Release|Any CPU = Release|Any CPU
	EndGlobalSection
	GlobalSection(ProjectConfigurationPlatforms) = postSolution
		{CEAF4F2D-AE44-4084-8C20-67980C4070CA}.Debug|Any CPU.ActiveCfg = Debug|Any CPU
		{CEAF4F2D-AE44-4084-8C20-67980C4070CA}.Debug|Any CPU.Build.0 = Debug|Any CPU
		{CEAF4F2D-AE44-4084-8C20-67980C4070CA}.Release|Any CPU.ActiveCfg = Release|Any CPU
		{CEAF4F2D-AE44-4084-8C20-67980C4070CA}.Release|Any CPU.Build.0 = Release|Any CPU
		{CCECA733-524B-46AB-8CD9-D0F56B2B5D1B}.Debug|Any CPU.ActiveCfg = Debug|Any CPU
		{CCECA733-524B-46AB-8CD9-D0F56B2B5D1B}.Debug|Any CPU.Build.0 = Debug|Any CPU
		{CCECA733-524B-46AB-8CD9-D0F56B2B5D1B}.Release|Any CPU.ActiveCfg = Release|Any CPU
		{CCECA733-524B-46AB-8CD9-D0F56B2B5D1B}.Release|Any CPU.Build.0 = Release|Any CPU
	EndGlobalSection
	GlobalSection(SolutionProperties) = preSolution
		HideSolutionNode = FALSE
	EndGlobalSection
	GlobalSection(ExtensibilityGlobals) = postSolution
		SolutionGuid = {65121308-5CB3-4FD7-AA07-D32DAC1D0355}
	EndGlobalSection
EndGlobal
